
Microsoft Visual Studio Solution File, Format Version 12.00
# Visual Studio 15
VisualStudioVersion = 15.0.28307.489
MinimumVisualStudioVersion = 10.0.40219.1
Project("{FAE04EC0-301F-11D3-BF4B-00C04F79EFBC}") = "Ookii.CommandLine", "Ookii.CommandLine\Ookii.CommandLine.csproj", "{8F0E16C7-D6AC-43B0-B31F-37EDDB84C03A}"
EndProject
Project("{FAE04EC0-301F-11D3-BF4B-00C04F79EFBC}") = "Ookii.CommandLine.Tests", "Ookii.CommandLine.Tests\Ookii.CommandLine.Tests.csproj", "{D5215F4A-842F-45CE-8F01-4D8A2CF82E03}"
EndProject
Global
	GlobalSection(SolutionConfigurationPlatforms) = preSolution
		Debug|Any CPU = Debug|Any CPU
		Release|Any CPU = Release|Any CPU
	EndGlobalSection
	GlobalSection(ProjectConfigurationPlatforms) = postSolution
		{8F0E16C7-D6AC-43B0-B31F-37EDDB84C03A}.Debug|Any CPU.ActiveCfg = Debug|Any CPU
		{8F0E16C7-D6AC-43B0-B31F-37EDDB84C03A}.Debug|Any CPU.Build.0 = Debug|Any CPU
		{8F0E16C7-D6AC-43B0-B31F-37EDDB84C03A}.Release|Any CPU.ActiveCfg = Release|Any CPU
		{8F0E16C7-D6AC-43B0-B31F-37EDDB84C03A}.Release|Any CPU.Build.0 = Release|Any CPU
		{D5215F4A-842F-45CE-8F01-4D8A2CF82E03}.Debug|Any CPU.ActiveCfg = Debug|Any CPU
		{D5215F4A-842F-45CE-8F01-4D8A2CF82E03}.Debug|Any CPU.Build.0 = Debug|Any CPU
		{D5215F4A-842F-45CE-8F01-4D8A2CF82E03}.Release|Any CPU.ActiveCfg = Release|Any CPU
		{D5215F4A-842F-45CE-8F01-4D8A2CF82E03}.Release|Any CPU.Build.0 = Release|Any CPU
	EndGlobalSection
	GlobalSection(SolutionProperties) = preSolution
		HideSolutionNode = FALSE
	EndGlobalSection
	GlobalSection(ExtensibilityGlobals) = postSolution
		SolutionGuid = {89B1071F-FFA5-4223-9F55-7FAC1DBA105B}
	EndGlobalSection
	GlobalSection(TestCaseManagementSettings) = postSolution
		CategoryFile = Ookii.CommandLine.vsmdi
	EndGlobalSection
EndGlobal
